{
  "version": 4,
  "terraform_version": "1.1.8",
  "serial": 19,
  "lineage": "6eb15cba-cc62-5c2d-01b7-0f3c16202ca1",
  "outputs": {},
  "resources": [
    {
      "mode": "managed",
      "type": "google_cloudbuild_trigger",
      "name": "cicd-trigger-main",
      "provider": "provider[\"registry.terraform.io/hashicorp/google\"]",
      "instances": []
    },
    {
      "mode": "managed",
      "type": "google_compute_network",
      "name": "vpc_network",
      "provider": "provider[\"registry.terraform.io/hashicorp/google\"]",
      "instances": [
        {
          "schema_version": 0,
          "attributes": {
            "auto_create_subnetworks": false,
            "delete_default_routes_on_create": false,
            "description": "",
            "gateway_ipv4": "",
            "id": "projects/kayprjct08/global/networks/for-gke-use",
            "mtu": 1460,
            "name": "for-gke-use",
            "project": "kayprjct08",
            "routing_mode": "REGIONAL",
            "self_link": "https://www.googleapis.com/compute/v1/projects/kayprjct08/global/networks/for-gke-use",
            "timeouts": null
          },
          "sensitive_attributes": [],
          "private": "eyJlMmJmYjczMC1lY2FhLTExZTYtOGY4OC0zNDM2M2JjN2M0YzAiOnsiY3JlYXRlIjoxMjAwMDAwMDAwMDAwLCJkZWxldGUiOjEyMDAwMDAwMDAwMDAsInVwZGF0ZSI6MTIwMDAwMDAwMDAwMH19"
        }
      ]
    },
    {
      "mode": "managed",
      "type": "google_compute_subnetwork",
      "name": "custom_subnet",
      "provider": "provider[\"registry.terraform.io/hashicorp/google\"]",
      "instances": [
        {
          "schema_version": 0,
          "attributes": {
            "creation_timestamp": "2022-04-21T02:39:12.936-07:00",
            "description": "",
            "external_ipv6_prefix": "",
            "fingerprint": null,
            "gateway_address": "10.0.0.1",
            "id": "projects/kayprjct08/regions/us-central1/subnetworks/gke-use",
            "ip_cidr_range": "10.0.0.0/17",
            "ipv6_access_type": "",
            "ipv6_cidr_range": "",
            "log_config": [],
            "name": "gke-use",
            "network": "https://www.googleapis.com/compute/v1/projects/kayprjct08/global/networks/for-gke-use",
            "private_ip_google_access": false,
            "private_ipv6_google_access": "DISABLE_GOOGLE_ACCESS",
            "project": "kayprjct08",
            "purpose": "PRIVATE",
            "region": "us-central1",
            "role": "",
            "secondary_ip_range": [
              {
                "ip_cidr_range": "10.21.0.0/17",
                "range_name": "prod-pods-range"
              },
              {
                "ip_cidr_range": "10.21.128.0/22",
                "range_name": "prod-svc-range"
              },
              {
                "ip_cidr_range": "10.78.0.0/17",
                "range_name": "stg-pods-range"
              },
              {
                "ip_cidr_range": "10.78.128.0/22",
                "range_name": "stg-svc-range"
              }
            ],
            "self_link": "https://www.googleapis.com/compute/v1/projects/kayprjct08/regions/us-central1/subnetworks/gke-use",
            "stack_type": "IPV4_ONLY",
            "timeouts": null
          },
          "sensitive_attributes": [],
          "private": "eyJlMmJmYjczMC1lY2FhLTExZTYtOGY4OC0zNDM2M2JjN2M0YzAiOnsiY3JlYXRlIjoxMjAwMDAwMDAwMDAwLCJkZWxldGUiOjEyMDAwMDAwMDAwMDAsInVwZGF0ZSI6MTIwMDAwMDAwMDAwMH19",
          "dependencies": [
            "google_compute_network.vpc_network"
          ]
        }
      ]
    },
    {
      "mode": "managed",
      "type": "google_container_cluster",
      "name": "prod",
      "provider": "provider[\"registry.terraform.io/hashicorp/google\"]",
      "instances": [
        {
          "schema_version": 1,
          "attributes": {
            "addons_config": [
              {
                "cloudrun_config": [],
                "gcp_filestore_csi_driver_config": [
                  {
                    "enabled": true
                  }
                ],
                "horizontal_pod_autoscaling": [],
                "http_load_balancing": [],
                "network_policy_config": [
                  {
                    "disabled": true
                  }
                ]
              }
            ],
            "authenticator_groups_config": [],
            "cluster_autoscaling": [
              {
                "auto_provisioning_defaults": [
                  {
                    "image_type": "COS_CONTAINERD",
                    "oauth_scopes": [
                      "https://www.googleapis.com/auth/devstorage.read_only",
                      "https://www.googleapis.com/auth/logging.write",
                      "https://www.googleapis.com/auth/monitoring",
                      "https://www.googleapis.com/auth/service.management.readonly",
                      "https://www.googleapis.com/auth/servicecontrol",
                      "https://www.googleapis.com/auth/trace.append"
                    ],
                    "service_account": "default"
                  }
                ],
                "enabled": true,
                "resource_limits": [
                  {
                    "maximum": 1000000000,
                    "minimum": 0,
                    "resource_type": "cpu"
                  },
                  {
                    "maximum": 1000000000,
                    "minimum": 0,
                    "resource_type": "memory"
                  }
                ]
              }
            ],
            "cluster_ipv4_cidr": "10.21.0.0/17",
            "confidential_nodes": [],
            "database_encryption": [
              {
                "key_name": "",
                "state": "DECRYPTED"
              }
            ],
            "datapath_provider": "",
            "default_max_pods_per_node": 110,
            "default_snat_status": [
              {
                "disabled": false
              }
            ],
            "description": "",
            "dns_config": [],
            "enable_autopilot": true,
            "enable_binary_authorization": false,
            "enable_intranode_visibility": true,
            "enable_kubernetes_alpha": false,
            "enable_legacy_abac": false,
            "enable_shielded_nodes": true,
            "enable_tpu": false,
            "endpoint": "104.198.168.157",
            "id": "projects/kayprjct08/locations/us-central1/clusters/prod",
            "initial_node_count": 0,
            "ip_allocation_policy": [
              {
                "cluster_ipv4_cidr_block": "10.21.0.0/17",
                "cluster_secondary_range_name": "prod-pods-range",
                "services_ipv4_cidr_block": "10.21.128.0/22",
                "services_secondary_range_name": "prod-svc-range"
              }
            ],
            "label_fingerprint": "a9dc16a7",
            "location": "us-central1",
            "logging_config": [
              {
                "enable_components": [
                  "SYSTEM_COMPONENTS",
                  "WORKLOADS"
                ]
              }
            ],
            "logging_service": "logging.googleapis.com/kubernetes",
            "maintenance_policy": [],
            "master_auth": [
              {
                "client_certificate": "",
                "client_certificate_config": [
                  {
                    "issue_client_certificate": false
                  }
                ],
                "client_key": "",
                "cluster_ca_certificate": "LS0tLS1CRUdJTiBDRVJUSUZJQ0FURS0tLS0tCk1JSUVMRENDQXBTZ0F3SUJBZ0lRZWFXOUJ6NUQ0VnVySDg4ODgyTzVtREFOQmdrcWhraUc5dzBCQVFzRkFEQXYKTVMwd0t3WURWUVFERXlRMVpHVmpNR1ZsTmkwM01UUm1MVFF4T0RndFlqY3dNeTFqT0dSbU5tVm1OalUzWXprdwpJQmNOTWpJd05ESXhNRGd6T1RNMFdoZ1BNakExTWpBME1UTXdPVE01TXpSYU1DOHhMVEFyQmdOVkJBTVRKRFZrClpXTXdaV1UyTFRjeE5HWXROREU0T0MxaU56QXpMV000WkdZMlpXWTJOVGRqT1RDQ0FhSXdEUVlKS29aSWh2Y04KQVFFQkJRQURnZ0dQQURDQ0FZb0NnZ0dCQVBPMUU0M2NzNEt4eDZpWGoyUzNBL2RQU0k0NkUvOWtWamRHOExWNQp1WmNOSHQ3Wk9uZjFsREk4eGhZc0VNUnhBcVRCMVhqVGR5QjUrdHMvU3pMSzNjN0tKOTl2b0hRN0RPQVFLVFBxCkhPR1FsR2FYZVdnNjZnbTZoeXAvdzIwNSt4OTFqanpxWnp2dXQ1dnBBT040bWFHRUZKbFZrSlJudWtMYjVMVlUKTTNQbG1wRFZJYnJlUVRWQVM5bTZ5WmpGQWhCU3FncHVBb2Z2QWZFUWlRc01QZjN5R0h2WCttcWlWbk5TN3ZDcQpWV2V6Zno4MG42dTRpQlNNR1NHOFVSSnhvR3ptVDdWL3lXQ2hXdFNWY1NBNlRhTks1Z2loMTFXYWpBVWNwelJQCnlBQ2oraExPWUMzRE1VeVRVQks4RW4xaXRhdXlLbWhPcTAzMCt3RjYzclFkWHpTV1BiL3lGV0NuN0cwS1B4THYKZENxUlRCbVRTdkwzdDFWZnFETHVHWUY0UEVvRHBYR0ZlYXNrSFVnTWEvcU8zbnlIZ2JWdy9kcmNNcExFb0JmYwpkYk0yWnpRRG4zcGMvWmIzZ0lCbk9LdmF5emNpZG5hSGN4QURYcWRoT3BzS3NNK2phYUQvSUNWdEw4Z3VQMTIzCnZTU20ydmlOZ2wwZTZ3NDkwbW0vaG9xM2l3SURBUUFCbzBJd1FEQU9CZ05WSFE4QkFmOEVCQU1DQWdRd0R3WUQKVlIwVEFRSC9CQVV3QXdFQi96QWRCZ05WSFE0RUZnUVVxcUM1RUxtWEUwY1piMElZNVB4Wis5MGRFZXN3RFFZSgpLb1pJaHZjTkFRRUxCUUFEZ2dHQkFCenFhRllGQVJ4R0dpS3lLTTlYREN2VTBhU2FuYjJLelZwMkJYazJQSU1HClJueEE1c3BBLzNCNmdrUUxXdEdvRDJnQkZKN0tMMWlNUGRVUmthMzkzaTE3QlpCS2FzODVER2lVSXpWRjVCMngKaE1wTVNIQ3VONitKd0hQRTQvTldqTXpiVFA4dmtQazloU1hveTZ3UVBteDhOTTd6RjNiYnBOMk5vMWlSYzNyMQpsZExSTjlISTU2b29DS2tocjlMZWN1eURuYWxDNDRmVGROam9tbFVsSEFxMGI4TUt0bWl3cW5icE54R3VxZkdYCjRRaGduVW04WU9kRGRHa2xBTWt3cmlPbnVGaU1zRjZZUWh2K1RacXhDcnVEQmdiRVpiaWtOREFIY1B2blBjRjIKTU43VktsYjF2VFVNSzdLL0V4blEzMTZBSm9QNVR4Tmd0QXI5NEtweDdKNkF5eHUyY2MzVFFrc0EzQU5XNGxiSwpZV0w2TVJVbXZSbkQvbDViTGc1Nk9YbkR3bHM4dGQ5WE5LSHRLMm1aVzFYMUFSSE95ZGw0TFZSb280V1pyaTNXCmRxK3BZbmVwR0JydEJZcktMUm5Vbnd0aC9PcXZNUnd3VlcwZlVCajlYaERONXRUQVQ2em81WXJQUEhsczd3NzkKWXRXdktlKytJVmc4bDU3dndlR0x1QT09Ci0tLS0tRU5EIENFUlRJRklDQVRFLS0tLS0K"
              }
            ],
            "master_authorized_networks_config": [],
            "master_version": "1.21.6-gke.1503",
            "min_master_version": null,
            "monitoring_config": [
              {
                "enable_components": [
                  "SYSTEM_COMPONENTS"
                ]
              }
            ],
            "monitoring_service": "monitoring.googleapis.com/kubernetes",
            "name": "prod",
            "network": "projects/kayprjct08/global/networks/for-gke-use",
            "network_policy": [
              {
                "enabled": false,
                "provider": "PROVIDER_UNSPECIFIED"
              }
            ],
            "networking_mode": "VPC_NATIVE",
            "node_config": [
              {
                "boot_disk_kms_key": "",
                "disk_size_gb": 100,
                "disk_type": "pd-standard",
                "gcfs_config": [],
                "guest_accelerator": [],
                "gvnic": [],
                "image_type": "COS_CONTAINERD",
                "labels": {},
                "local_ssd_count": 0,
                "machine_type": "e2-medium",
                "metadata": {
                  "disable-legacy-endpoints": "true"
                },
                "min_cpu_platform": "",
                "node_group": "",
                "oauth_scopes": [
                  "https://www.googleapis.com/auth/devstorage.read_only",
                  "https://www.googleapis.com/auth/logging.write",
                  "https://www.googleapis.com/auth/monitoring",
                  "https://www.googleapis.com/auth/service.management.readonly",
                  "https://www.googleapis.com/auth/servicecontrol",
                  "https://www.googleapis.com/auth/trace.append"
                ],
                "preemptible": false,
                "service_account": "default",
                "shielded_instance_config": [
                  {
                    "enable_integrity_monitoring": true,
                    "enable_secure_boot": true
                  }
                ],
                "tags": [],
                "taint": [],
                "workload_metadata_config": [
                  {
                    "mode": "GKE_METADATA"
                  }
                ]
              }
            ],
            "node_locations": [
              "us-central1-a",
              "us-central1-b",
              "us-central1-c",
              "us-central1-f"
            ],
            "node_pool": [
              {
                "autoscaling": [
                  {
                    "max_node_count": 1000,
                    "min_node_count": 0
                  }
                ],
                "initial_node_count": 1,
                "instance_group_urls": [],
                "managed_instance_group_urls": [],
                "management": [
                  {
                    "auto_repair": true,
                    "auto_upgrade": true
                  }
                ],
                "max_pods_per_node": 32,
                "name": "default-pool",
                "name_prefix": "",
                "node_config": [
                  {
                    "boot_disk_kms_key": "",
                    "disk_size_gb": 100,
                    "disk_type": "pd-standard",
                    "gcfs_config": [],
                    "guest_accelerator": [],
                    "gvnic": [],
                    "image_type": "COS_CONTAINERD",
                    "labels": {},
                    "local_ssd_count": 0,
                    "machine_type": "e2-medium",
                    "metadata": {
                      "disable-legacy-endpoints": "true"
                    },
                    "min_cpu_platform": "",
                    "node_group": "",
                    "oauth_scopes": [
                      "https://www.googleapis.com/auth/devstorage.read_only",
                      "https://www.googleapis.com/auth/logging.write",
                      "https://www.googleapis.com/auth/monitoring",
                      "https://www.googleapis.com/auth/service.management.readonly",
                      "https://www.googleapis.com/auth/servicecontrol",
                      "https://www.googleapis.com/auth/trace.append"
                    ],
                    "preemptible": false,
                    "service_account": "default",
                    "shielded_instance_config": [
                      {
                        "enable_integrity_monitoring": true,
                        "enable_secure_boot": true
                      }
                    ],
                    "tags": [],
                    "taint": [],
                    "workload_metadata_config": [
                      {
                        "mode": "GKE_METADATA"
                      }
                    ]
                  }
                ],
                "node_count": 0,
                "node_locations": [
                  "us-central1-a",
                  "us-central1-c"
                ],
                "upgrade_settings": [
                  {
                    "max_surge": 1,
                    "max_unavailable": 0
                  }
                ],
                "version": "1.21.6-gke.1503"
              }
            ],
            "node_version": "1.21.6-gke.1503",
            "operation": null,
            "private_cluster_config": [],
            "private_ipv6_google_access": "",
            "project": "kayprjct08",
            "release_channel": [
              {
                "channel": "REGULAR"
              }
            ],
            "remove_default_node_pool": null,
            "resource_labels": null,
            "resource_usage_export_config": [],
            "self_link": "https://container.googleapis.com/v1/projects/kayprjct08/locations/us-central1/clusters/prod",
            "services_ipv4_cidr": "10.21.128.0/22",
            "subnetwork": "projects/kayprjct08/regions/us-central1/subnetworks/gke-use",
            "timeouts": null,
            "tpu_ipv4_cidr_block": "",
            "vertical_pod_autoscaling": [
              {
                "enabled": true
              }
            ],
            "workload_identity_config": [
              {
                "workload_pool": "kayprjct08.svc.id.goog"
              }
            ]
          },
          "sensitive_attributes": [],
          "private": "eyJlMmJmYjczMC1lY2FhLTExZTYtOGY4OC0zNDM2M2JjN2M0YzAiOnsiY3JlYXRlIjoyNDAwMDAwMDAwMDAwLCJkZWxldGUiOjI0MDAwMDAwMDAwMDAsInJlYWQiOjI0MDAwMDAwMDAwMDAsInVwZGF0ZSI6MzYwMDAwMDAwMDAwMH0sInNjaGVtYV92ZXJzaW9uIjoiMSJ9",
          "dependencies": [
            "google_compute_network.vpc_network",
            "google_compute_subnetwork.custom_subnet"
          ]
        }
      ]
    },
    {
      "mode": "managed",
      "type": "google_container_cluster",
      "name": "staging",
      "provider": "provider[\"registry.terraform.io/hashicorp/google\"]",
      "instances": [
        {
          "schema_version": 1,
          "attributes": {
            "addons_config": [
              {
                "cloudrun_config": [],
                "gcp_filestore_csi_driver_config": [
                  {
                    "enabled": true
                  }
                ],
                "horizontal_pod_autoscaling": [],
                "http_load_balancing": [],
                "network_policy_config": [
                  {
                    "disabled": true
                  }
                ]
              }
            ],
            "authenticator_groups_config": [],
            "cluster_autoscaling": [
              {
                "auto_provisioning_defaults": [
                  {
                    "image_type": "COS_CONTAINERD",
                    "oauth_scopes": [
                      "https://www.googleapis.com/auth/devstorage.read_only",
                      "https://www.googleapis.com/auth/logging.write",
                      "https://www.googleapis.com/auth/monitoring",
                      "https://www.googleapis.com/auth/service.management.readonly",
                      "https://www.googleapis.com/auth/servicecontrol",
                      "https://www.googleapis.com/auth/trace.append"
                    ],
                    "service_account": "default"
                  }
                ],
                "enabled": true,
                "resource_limits": [
                  {
                    "maximum": 1000000000,
                    "minimum": 0,
                    "resource_type": "cpu"
                  },
                  {
                    "maximum": 1000000000,
                    "minimum": 0,
                    "resource_type": "memory"
                  }
                ]
              }
            ],
            "cluster_ipv4_cidr": "10.78.0.0/17",
            "confidential_nodes": [],
            "database_encryption": [
              {
                "key_name": "",
                "state": "DECRYPTED"
              }
            ],
            "datapath_provider": "",
            "default_max_pods_per_node": 110,
            "default_snat_status": [
              {
                "disabled": false
              }
            ],
            "description": "",
            "dns_config": [],
            "enable_autopilot": true,
            "enable_binary_authorization": false,
            "enable_intranode_visibility": true,
            "enable_kubernetes_alpha": false,
            "enable_legacy_abac": false,
            "enable_shielded_nodes": true,
            "enable_tpu": false,
            "endpoint": "35.222.77.61",
            "id": "projects/kayprjct08/locations/us-central1/clusters/staging",
            "initial_node_count": 0,
            "ip_allocation_policy": [
              {
                "cluster_ipv4_cidr_block": "10.78.0.0/17",
                "cluster_secondary_range_name": "stg-pods-range",
                "services_ipv4_cidr_block": "10.78.128.0/22",
                "services_secondary_range_name": "stg-svc-range"
              }
            ],
            "label_fingerprint": "a9dc16a7",
            "location": "us-central1",
            "logging_config": [
              {
                "enable_components": [
                  "SYSTEM_COMPONENTS",
                  "WORKLOADS"
                ]
              }
            ],
            "logging_service": "logging.googleapis.com/kubernetes",
            "maintenance_policy": [],
            "master_auth": [
              {
                "client_certificate": "",
                "client_certificate_config": [
                  {
                    "issue_client_certificate": false
                  }
                ],
                "client_key": "",
                "cluster_ca_certificate": "LS0tLS1CRUdJTiBDRVJUSUZJQ0FURS0tLS0tCk1JSUVMRENDQXBTZ0F3SUJBZ0lRZE04OEsxKzM4em1GbG9iS215SktiekFOQmdrcWhraUc5dzBCQVFzRkFEQXYKTVMwd0t3WURWUVFERXlRNE5tTmtPR00zWWkwelpHRTBMVFExWmpjdFlUZzJOQzA1TldGbE9HWTVPREZtTkRrdwpJQmNOTWpJd05ESXhNRGd6T1RNMFdoZ1BNakExTWpBME1UTXdPVE01TXpSYU1DOHhMVEFyQmdOVkJBTVRKRGcyClkyUTRZemRpTFROa1lUUXRORFZtTnkxaE9EWTBMVGsxWVdVNFpqazRNV1kwT1RDQ0FhSXdEUVlKS29aSWh2Y04KQVFFQkJRQURnZ0dQQURDQ0FZb0NnZ0dCQU5FcDdmOHJTU0ZQbGVHWFlYc25haUkyM3FQYVZqWnVHejBxWlh3eAo2KytCd3BOYXdXVUFJTVpucm5aa1VUb0xLSVo0bHNYeVR1K29Cc3h6VDU3amZ3N2tJSEp4Rm45QVhQZk5qdzJQCmVUVXR1N3pjbHZFbjZkR1NicnVHdUFzL1NDbTdnd3NDSFpPNW5JK2FwY1BlQXRMa0hlY2swckZ0bFoyc3hpMDcKZXBjZzVONFhuMk1zY1NMbGFXdk9qaTU3NUFQdnBGWWpneTFicVBlOTZ5RjVGU28rZ3ErRGI0cXdlaEVIN1hPagpGUURFRTZxd0hnQ1l1Z2ozaTVhdEsvUlNqRGJmeUNEN2NTMlVGZzB6czg3bnAvNitTZWNJb3l5em1FVUk5R0hkCkViZmpLZ01pS1FUMWpyajVOL3E0M3NhQUp1cG1Kc29Ma1pVQVdkQjZ2OGZGLzlOYUZMSWdNY0FsK2xWN1ZuN0MKNDNDSmtlWWRmd2ZkL0h4Unp4aUZ0ZEc4MTRqYU9sZUtEeGNadW41cVZQaXRycWpXMVRMSEc0SUFLMFRjcnhlSApFMWhoVkwzYWZ3TjdLTWc3TVdwVEZvZ0x0VWtqaUFlbzVja1pWeURrMmhTYzB6enVtNVpIOEprVmFSdWJCaWloCklQdHpSaXNiYXNUWHJtbHZFVU1ValFSQUlRSURBUUFCbzBJd1FEQU9CZ05WSFE4QkFmOEVCQU1DQWdRd0R3WUQKVlIwVEFRSC9CQVV3QXdFQi96QWRCZ05WSFE0RUZnUVVOQ3NYZTE2b3E0ZWNVWk9Wejl1a1k4QkVJdmN3RFFZSgpLb1pJaHZjTkFRRUxCUUFEZ2dHQkFBYUZQczNuQU9ReEZBSFQ2TVFaa3hhMXZSTHJCcUluYkdGanN4a2lLZTU5ClppOTVRcDBrY2tBaHhMVmR3Y25XR3FBUVU1ckZDOXR3aFJwa2NBdk1kUmtJYWI1MEF5UXZOQ0FJWnhWeGFqK2wKLzZ6U09kby9ZYTBUSkZDTG1uSG5wZmlMT1pFajVPT0p0SVRham1vVnJaSzJocDN6cGNnTWg5OC9JTEFkV0FYMwp2R1p3TFY0TWlCbTJWc0FFTys1NTVXZGw3akZENXFuMW1jUnA5dXNIQVc2Q3JkL0VQWjEwSFZsZ0JYdlE3Qlk0Cm1kTG5hVVl3ZDRWWjJYY013aE54eGNVMjdmTlRoeWlWbnZEQWx6VXcyaGhMWlZHOGpJZ2NaeTZsKy9PMFlSWlUKQ1FwbWJmU3RKWmRleitkcmladDBYTDZ6SUhERVBmOHR3Uk9sNGNGNk9IQm5XVzFwMThXMldxWDJ1UXBMbG12SQpVSnpYTzRmRG5iUWFqb0UwdWVsU1piR1p5aXRmOENBSnlta3kxUGptbmpORkxpSEhVMGJZajl3cWFEN24vVWFzCkhLOUtRTXhFSmNrSXdLQkZHbWk3NWNDLzZ2WE1rbG44aU0xbDN1b1NRSVRENTQzZ3ZaRUVQdFgxUjVqSS81TDIKQnZTcmRJYjBMOTlrSnlad292aUw1UT09Ci0tLS0tRU5EIENFUlRJRklDQVRFLS0tLS0K"
              }
            ],
            "master_authorized_networks_config": [],
            "master_version": "1.21.6-gke.1503",
            "min_master_version": null,
            "monitoring_config": [
              {
                "enable_components": [
                  "SYSTEM_COMPONENTS"
                ]
              }
            ],
            "monitoring_service": "monitoring.googleapis.com/kubernetes",
            "name": "staging",
            "network": "projects/kayprjct08/global/networks/for-gke-use",
            "network_policy": [
              {
                "enabled": false,
                "provider": "PROVIDER_UNSPECIFIED"
              }
            ],
            "networking_mode": "VPC_NATIVE",
            "node_config": [
              {
                "boot_disk_kms_key": "",
                "disk_size_gb": 100,
                "disk_type": "pd-standard",
                "gcfs_config": [],
                "guest_accelerator": [],
                "gvnic": [],
                "image_type": "COS_CONTAINERD",
                "labels": {},
                "local_ssd_count": 0,
                "machine_type": "e2-medium",
                "metadata": {
                  "disable-legacy-endpoints": "true"
                },
                "min_cpu_platform": "",
                "node_group": "",
                "oauth_scopes": [
                  "https://www.googleapis.com/auth/devstorage.read_only",
                  "https://www.googleapis.com/auth/logging.write",
                  "https://www.googleapis.com/auth/monitoring",
                  "https://www.googleapis.com/auth/service.management.readonly",
                  "https://www.googleapis.com/auth/servicecontrol",
                  "https://www.googleapis.com/auth/trace.append"
                ],
                "preemptible": false,
                "service_account": "default",
                "shielded_instance_config": [
                  {
                    "enable_integrity_monitoring": true,
                    "enable_secure_boot": true
                  }
                ],
                "tags": [],
                "taint": [],
                "workload_metadata_config": [
                  {
                    "mode": "GKE_METADATA"
                  }
                ]
              }
            ],
            "node_locations": [
              "us-central1-a",
              "us-central1-b",
              "us-central1-c",
              "us-central1-f"
            ],
            "node_pool": [
              {
                "autoscaling": [
                  {
                    "max_node_count": 1000,
                    "min_node_count": 0
                  }
                ],
                "initial_node_count": 1,
                "instance_group_urls": [],
                "managed_instance_group_urls": [],
                "management": [
                  {
                    "auto_repair": true,
                    "auto_upgrade": true
                  }
                ],
                "max_pods_per_node": 32,
                "name": "default-pool",
                "name_prefix": "",
                "node_config": [
                  {
                    "boot_disk_kms_key": "",
                    "disk_size_gb": 100,
                    "disk_type": "pd-standard",
                    "gcfs_config": [],
                    "guest_accelerator": [],
                    "gvnic": [],
                    "image_type": "COS_CONTAINERD",
                    "labels": {},
                    "local_ssd_count": 0,
                    "machine_type": "e2-medium",
                    "metadata": {
                      "disable-legacy-endpoints": "true"
                    },
                    "min_cpu_platform": "",
                    "node_group": "",
                    "oauth_scopes": [
                      "https://www.googleapis.com/auth/devstorage.read_only",
                      "https://www.googleapis.com/auth/logging.write",
                      "https://www.googleapis.com/auth/monitoring",
                      "https://www.googleapis.com/auth/service.management.readonly",
                      "https://www.googleapis.com/auth/servicecontrol",
                      "https://www.googleapis.com/auth/trace.append"
                    ],
                    "preemptible": false,
                    "service_account": "default",
                    "shielded_instance_config": [
                      {
                        "enable_integrity_monitoring": true,
                        "enable_secure_boot": true
                      }
                    ],
                    "tags": [],
                    "taint": [],
                    "workload_metadata_config": [
                      {
                        "mode": "GKE_METADATA"
                      }
                    ]
                  }
                ],
                "node_count": 0,
                "node_locations": [
                  "us-central1-b",
                  "us-central1-f"
                ],
                "upgrade_settings": [
                  {
                    "max_surge": 1,
                    "max_unavailable": 0
                  }
                ],
                "version": "1.21.6-gke.1503"
              }
            ],
            "node_version": "1.21.6-gke.1503",
            "operation": null,
            "private_cluster_config": [],
            "private_ipv6_google_access": "",
            "project": "kayprjct08",
            "release_channel": [
              {
                "channel": "REGULAR"
              }
            ],
            "remove_default_node_pool": null,
            "resource_labels": null,
            "resource_usage_export_config": [],
            "self_link": "https://container.googleapis.com/v1/projects/kayprjct08/locations/us-central1/clusters/staging",
            "services_ipv4_cidr": "10.78.128.0/22",
            "subnetwork": "projects/kayprjct08/regions/us-central1/subnetworks/gke-use",
            "timeouts": null,
            "tpu_ipv4_cidr_block": "",
            "vertical_pod_autoscaling": [
              {
                "enabled": true
              }
            ],
            "workload_identity_config": [
              {
                "workload_pool": "kayprjct08.svc.id.goog"
              }
            ]
          },
          "sensitive_attributes": [],
          "private": "eyJlMmJmYjczMC1lY2FhLTExZTYtOGY4OC0zNDM2M2JjN2M0YzAiOnsiY3JlYXRlIjoyNDAwMDAwMDAwMDAwLCJkZWxldGUiOjI0MDAwMDAwMDAwMDAsInJlYWQiOjI0MDAwMDAwMDAwMDAsInVwZGF0ZSI6MzYwMDAwMDAwMDAwMH0sInNjaGVtYV92ZXJzaW9uIjoiMSJ9",
          "dependencies": [
            "google_compute_network.vpc_network",
            "google_compute_subnetwork.custom_subnet"
          ]
        }
      ]
    }
  ]
}
